
Microsoft Visual Studio Solution File, Format Version 12.00
# Visual Studio Version 17
VisualStudioVersion = 17.8.34330.188
MinimumVisualStudioVersion = 10.0.40219.1
Project("{FAE04EC0-301F-11D3-BF4B-00C04F79EFBC}") = "API", "API\API.csproj", "{B67FF2A0-AFCD-47F7-B0C8-381DAC2BA4CA}"
EndProject
Global
	GlobalSection(SolutionConfigurationPlatforms) = preSolution
		Debug|Any CPU = Debug|Any CPU
		Release|Any CPU = Release|Any CPU
	EndGlobalSection
	GlobalSection(ProjectConfigurationPlatforms) = postSolution
		{B67FF2A0-AFCD-47F7-B0C8-381DAC2BA4CA}.Debug|Any CPU.ActiveCfg = Debug|Any CPU
		{B67FF2A0-AFCD-47F7-B0C8-381DAC2BA4CA}.Debug|Any CPU.Build.0 = Debug|Any CPU
		{B67FF2A0-AFCD-47F7-B0C8-381DAC2BA4CA}.Release|Any CPU.ActiveCfg = Release|Any CPU
		{B67FF2A0-AFCD-47F7-B0C8-381DAC2BA4CA}.Release|Any CPU.Build.0 = Release|Any CPU
	EndGlobalSection
	GlobalSection(SolutionProperties) = preSolution
		HideSolutionNode = FALSE
	EndGlobalSection
	GlobalSection(ExtensibilityGlobals) = postSolution
		SolutionGuid = {B8A4333D-1B72-44AF-A197-23C7AB6393FC}
	EndGlobalSection
EndGlobal
